
Microsoft Visual Studio Solution File, Format Version 12.00
# Visual Studio Version 17
VisualStudioVersion = 17.2.32602.215
MinimumVisualStudioVersion = 10.0.40219.1
Project("{FAE04EC0-301F-11D3-BF4B-00C04F79EFBC}") = "fnafJumpscare", "sampleLayered\fnafJumpscare.csproj", "{E1CABECD-26BC-4269-8E6F-7B338F80087C}"
EndProject
Project("{FAE04EC0-301F-11D3-BF4B-00C04F79EFBC}") = "fnafJumpscarePanel", "fnafJumpscarePanel\fnafJumpscarePanel.csproj", "{658982C7-6F4E-4BAB-84BE-96960A99E9D2}"
EndProject
Global
	GlobalSection(SolutionConfigurationPlatforms) = preSolution
		Debug|Any CPU = Debug|Any CPU
		Release|Any CPU = Release|Any CPU
	EndGlobalSection
	GlobalSection(ProjectConfigurationPlatforms) = postSolution
		{E1CABECD-26BC-4269-8E6F-7B338F80087C}.Debug|Any CPU.ActiveCfg = Debug|Any CPU
		{E1CABECD-26BC-4269-8E6F-7B338F80087C}.Debug|Any CPU.Build.0 = Debug|Any CPU
		{E1CABECD-26BC-4269-8E6F-7B338F80087C}.Release|Any CPU.ActiveCfg = Release|Any CPU
		{E1CABECD-26BC-4269-8E6F-7B338F80087C}.Release|Any CPU.Build.0 = Release|Any CPU
		{658982C7-6F4E-4BAB-84BE-96960A99E9D2}.Debug|Any CPU.ActiveCfg = Debug|Any CPU
		{658982C7-6F4E-4BAB-84BE-96960A99E9D2}.Debug|Any CPU.Build.0 = Debug|Any CPU
		{658982C7-6F4E-4BAB-84BE-96960A99E9D2}.Release|Any CPU.ActiveCfg = Release|Any CPU
		{658982C7-6F4E-4BAB-84BE-96960A99E9D2}.Release|Any CPU.Build.0 = Release|Any CPU
	EndGlobalSection
	GlobalSection(SolutionProperties) = preSolution
		HideSolutionNode = FALSE
	EndGlobalSection
	GlobalSection(ExtensibilityGlobals) = postSolution
		SolutionGuid = {0C47F511-FB2E-459C-A331-80B6A42A7391}
	EndGlobalSection
EndGlobal
