
Microsoft Visual Studio Solution File, Format Version 12.00
# Visual Studio Version 17
VisualStudioVersion = 17.2.32602.215
MinimumVisualStudioVersion = 10.0.40219.1
Project("{9A19103F-16F7-4668-BE54-9A1E7A4F7556}") = "fnafPanel", "fnafPanel\fnafPanel.csproj", "{12A228AB-6A5D-4BB1-A20A-02BE8860111C}"
	ProjectSection(ProjectDependencies) = postProject
		{3DC45EC6-3B99-43EE-86F2-33D5509DA9E3} = {3DC45EC6-3B99-43EE-86F2-33D5509DA9E3}
		{BCD93A64-BD54-453F-96EC-D110915015C8} = {BCD93A64-BD54-453F-96EC-D110915015C8}
	EndProjectSection
EndProject
Project("{9A19103F-16F7-4668-BE54-9A1E7A4F7556}") = "jumpscare", "jumpscare\jumpscare.csproj", "{3DC45EC6-3B99-43EE-86F2-33D5509DA9E3}"
EndProject
Project("{9A19103F-16F7-4668-BE54-9A1E7A4F7556}") = "oldMan", "oldMan\oldMan.csproj", "{BCD93A64-BD54-453F-96EC-D110915015C8}"
	ProjectSection(ProjectDependencies) = postProject
		{3DC45EC6-3B99-43EE-86F2-33D5509DA9E3} = {3DC45EC6-3B99-43EE-86F2-33D5509DA9E3}
	EndProjectSection
EndProject
Global
	GlobalSection(SolutionConfigurationPlatforms) = preSolution
		Debug|Any CPU = Debug|Any CPU
		Release|Any CPU = Release|Any CPU
	EndGlobalSection
	GlobalSection(ProjectConfigurationPlatforms) = postSolution
		{12A228AB-6A5D-4BB1-A20A-02BE8860111C}.Debug|Any CPU.ActiveCfg = Debug|Any CPU
		{12A228AB-6A5D-4BB1-A20A-02BE8860111C}.Debug|Any CPU.Build.0 = Debug|Any CPU
		{12A228AB-6A5D-4BB1-A20A-02BE8860111C}.Release|Any CPU.ActiveCfg = Release|Any CPU
		{12A228AB-6A5D-4BB1-A20A-02BE8860111C}.Release|Any CPU.Build.0 = Release|Any CPU
		{3DC45EC6-3B99-43EE-86F2-33D5509DA9E3}.Debug|Any CPU.ActiveCfg = Debug|Any CPU
		{3DC45EC6-3B99-43EE-86F2-33D5509DA9E3}.Debug|Any CPU.Build.0 = Debug|Any CPU
		{3DC45EC6-3B99-43EE-86F2-33D5509DA9E3}.Release|Any CPU.ActiveCfg = Release|Any CPU
		{3DC45EC6-3B99-43EE-86F2-33D5509DA9E3}.Release|Any CPU.Build.0 = Release|Any CPU
		{BCD93A64-BD54-453F-96EC-D110915015C8}.Debug|Any CPU.ActiveCfg = Debug|Any CPU
		{BCD93A64-BD54-453F-96EC-D110915015C8}.Debug|Any CPU.Build.0 = Debug|Any CPU
		{BCD93A64-BD54-453F-96EC-D110915015C8}.Release|Any CPU.ActiveCfg = Release|Any CPU
		{BCD93A64-BD54-453F-96EC-D110915015C8}.Release|Any CPU.Build.0 = Release|Any CPU
	EndGlobalSection
	GlobalSection(SolutionProperties) = preSolution
		HideSolutionNode = FALSE
	EndGlobalSection
	GlobalSection(ExtensibilityGlobals) = postSolution
		SolutionGuid = {0C47F511-FB2E-459C-A331-80B6A42A7391}
	EndGlobalSection
EndGlobal
